// !$*UTF8*$!
{
	archiveVersion = 1;
	classes = {
	};
	objectVersion = 52;
	objects = {

/* Begin PBXBuildFile section */
		DF43B6A425C0694F00093ED2 /* homebrewApp.swift in Sources */ = {isa = PBXBuildFile; fileRef = DF43B6A325C0694F00093ED2 /* homebrewApp.swift */; };
		DF43B6A825C0695100093ED2 /* Assets.xcassets in Resources */ = {isa = PBXBuildFile; fileRef = DF43B6A725C0695100093ED2 /* Assets.xcassets */; };
		DF43B6AB25C0695100093ED2 /* Preview Assets.xcassets in Resources */ = {isa = PBXBuildFile; fileRef = DF43B6AA25C0695100093ED2 /* Preview Assets.xcassets */; };
		DF43B6B025C0695100093ED2 /* homebrew.xcdatamodeld in Sources */ = {isa = PBXBuildFile; fileRef = DF43B6AE25C0695100093ED2 /* homebrew.xcdatamodeld */; };
		DF43B6BB25C0695200093ED2 /* homebrewTests.swift in Sources */ = {isa = PBXBuildFile; fileRef = DF43B6BA25C0695200093ED2 /* homebrewTests.swift */; };
		DF43B6D925C076D000093ED2 /* Brews.swift in Sources */ = {isa = PBXBuildFile; fileRef = DF43B6D825C076D000093ED2 /* Brews.swift */; };
		DF43B6DE25C0815300093ED2 /* NewBrewForm.swift in Sources */ = {isa = PBXBuildFile; fileRef = DF43B6DD25C0815300093ED2 /* NewBrewForm.swift */; };
		DF43B6E325C0901C00093ED2 /* BrewDetail.swift in Sources */ = {isa = PBXBuildFile; fileRef = DF43B6E225C0901C00093ED2 /* BrewDetail.swift */; };
		DF43B6E825C0A92F00093ED2 /* GravityReading.swift in Sources */ = {isa = PBXBuildFile; fileRef = DF43B6E725C0A92F00093ED2 /* GravityReading.swift */; };
		DF43B6ED25C0AE5000093ED2 /* NewReadingForm.swift in Sources */ = {isa = PBXBuildFile; fileRef = DF43B6EC25C0AE5000093ED2 /* NewReadingForm.swift */; };
		DF43B6F225C0D38F00093ED2 /* NewBottleRecordForm.swift in Sources */ = {isa = PBXBuildFile; fileRef = DF43B6F125C0D38F00093ED2 /* NewBottleRecordForm.swift */; };
		DF43B70225C0D9EA00093ED2 /* CloudKit.framework in Frameworks */ = {isa = PBXBuildFile; fileRef = DF43B70125C0D9EA00093ED2 /* CloudKit.framework */; };
		DF60C3D925D2D4FC004921F1 /* UpdateReadingForm.swift in Sources */ = {isa = PBXBuildFile; fileRef = DF60C3D825D2D4FC004921F1 /* UpdateReadingForm.swift */; };
		DF60F90F26E7B2FB00C93B35 /* SGCalculator.swift in Sources */ = {isa = PBXBuildFile; fileRef = DF60F90E26E7B2FB00C93B35 /* SGCalculator.swift */; };
		DF61D47E274C2E15004A8D09 /* Datasource.swift in Sources */ = {isa = PBXBuildFile; fileRef = DF61D47D274C2E15004A8D09 /* Datasource.swift */; };
		DF67C803278D19E900DD60C0 /* categories.swift in Sources */ = {isa = PBXBuildFile; fileRef = DF67C802278D19E900DD60C0 /* categories.swift */; };
		DF78B67E2747F24300AE91D9 /* payment-error.json in Resources */ = {isa = PBXBuildFile; fileRef = DF78B6782747F24300AE91D9 /* payment-error.json */; };
		DF78B67F2747F24300AE91D9 /* payment-confirmation.json in Resources */ = {isa = PBXBuildFile; fileRef = DF78B6792747F24300AE91D9 /* payment-confirmation.json */; };
		DF78B6802747F24300AE91D9 /* preparing.json in Resources */ = {isa = PBXBuildFile; fileRef = DF78B67A2747F24300AE91D9 /* preparing.json */; };
		DF78B6812747F24300AE91D9 /* wine-loading.json in Resources */ = {isa = PBXBuildFile; fileRef = DF78B67B2747F24300AE91D9 /* wine-loading.json */; };
		DF78B6822747F24300AE91D9 /* payment-loading.json in Resources */ = {isa = PBXBuildFile; fileRef = DF78B67C2747F24300AE91D9 /* payment-loading.json */; };
		DF78B6832747F24300AE91D9 /* empty.json in Resources */ = {isa = PBXBuildFile; fileRef = DF78B67D2747F24300AE91D9 /* empty.json */; };
		DF78B6852747F2EC00AE91D9 /* rocket.json in Resources */ = {isa = PBXBuildFile; fileRef = DF78B6842747F2EC00AE91D9 /* rocket.json */; };
		DFB0BD3E26EAA4CA008FDD3A /* NewSecondaryRecord.swift in Sources */ = {isa = PBXBuildFile; fileRef = DFB0BD3D26EAA4CA008FDD3A /* NewSecondaryRecord.swift */; };
		DFB0BD4026EAFF98008FDD3A /* Dashboard.swift in Sources */ = {isa = PBXBuildFile; fileRef = DFB0BD3F26EAFF98008FDD3A /* Dashboard.swift */; };
		DFB0BD4526EB03A8008FDD3A /* PrimaryList.swift in Sources */ = {isa = PBXBuildFile; fileRef = DFB0BD4426EB03A8008FDD3A /* PrimaryList.swift */; };
		DFB0BD4726EB0409008FDD3A /* SecondaryList.swift in Sources */ = {isa = PBXBuildFile; fileRef = DFB0BD4626EB0409008FDD3A /* SecondaryList.swift */; };
		DFB0BD4A26EB0906008FDD3A /* QuickComponents in Frameworks */ = {isa = PBXBuildFile; productRef = DFB0BD4926EB0906008FDD3A /* QuickComponents */; };
		DFB0BD4C26EB09FA008FDD3A /* BrewTile.swift in Sources */ = {isa = PBXBuildFile; fileRef = DFB0BD4B26EB09FA008FDD3A /* BrewTile.swift */; };
		DFB0BD4E26EB10C8008FDD3A /* BottledList.swift in Sources */ = {isa = PBXBuildFile; fileRef = DFB0BD4D26EB10C8008FDD3A /* BottledList.swift */; };
		DFB0BD5026EB112C008FDD3A /* BrewList.swift in Sources */ = {isa = PBXBuildFile; fileRef = DFB0BD4F26EB112C008FDD3A /* BrewList.swift */; };
		DFB0BD5226EBA465008FDD3A /* NewBrewButtonModifier.swift in Sources */ = {isa = PBXBuildFile; fileRef = DFB0BD5126EBA465008FDD3A /* NewBrewButtonModifier.swift */; };
		DFB0BD5526EBEE4B008FDD3A /* BrewFunctions.swift in Sources */ = {isa = PBXBuildFile; fileRef = DFB0BD5426EBEE4B008FDD3A /* BrewFunctions.swift */; };
		DFB0BD5726EBF1A1008FDD3A /* BrewStage.swift in Sources */ = {isa = PBXBuildFile; fileRef = DFB0BD5626EBF1A1008FDD3A /* BrewStage.swift */; };
		DFB0BD5926EBF1E2008FDD3A /* BrewDateFormatter.swift in Sources */ = {isa = PBXBuildFile; fileRef = DFB0BD5826EBF1E2008FDD3A /* BrewDateFormatter.swift */; };
		DFB0BD5E26EC0850008FDD3A /* InfoLabel.swift in Sources */ = {isa = PBXBuildFile; fileRef = DFB0BD5D26EC0850008FDD3A /* InfoLabel.swift */; };
		DFB0BD6026EC0AC8008FDD3A /* Collection.swift in Sources */ = {isa = PBXBuildFile; fileRef = DFB0BD5F26EC0AC8008FDD3A /* Collection.swift */; };
		DFB0BD6226EC0BC0008FDD3A /* HomebrewCollectionList.swift in Sources */ = {isa = PBXBuildFile; fileRef = DFB0BD6126EC0BC0008FDD3A /* HomebrewCollectionList.swift */; };
		DFB0BD6426EC0C2C008FDD3A /* CollectionTile.swift in Sources */ = {isa = PBXBuildFile; fileRef = DFB0BD6326EC0C2C008FDD3A /* CollectionTile.swift */; };
		DFB0BD6626ED1200008FDD3A /* UpdateBottleRecord.swift in Sources */ = {isa = PBXBuildFile; fileRef = DFB0BD6526ED1200008FDD3A /* UpdateBottleRecord.swift */; };
		DFC79B71274820C600D4214E /* Readings.swift in Sources */ = {isa = PBXBuildFile; fileRef = DFC79B70274820C600D4214E /* Readings.swift */; };
		DFCDBF8125CDC4D9000CFBFF /* Calculators.swift in Sources */ = {isa = PBXBuildFile; fileRef = DFCDBF8025CDC4D9000CFBFF /* Calculators.swift */; };
		DFD207AC26EFCB080065FB98 /* iBruScreenShot.swift in Sources */ = {isa = PBXBuildFile; fileRef = DFD207AB26EFCB080065FB98 /* iBruScreenShot.swift */; };
		DFD207B426EFCB650065FB98 /* SnapshotHelper.swift in Sources */ = {isa = PBXBuildFile; fileRef = DFD207B326EFCB650065FB98 /* SnapshotHelper.swift */; };
		DFD207CC26F0EA4A0065FB98 /* BaseTests.swift in Sources */ = {isa = PBXBuildFile; fileRef = DFD207CB26F0EA4A0065FB98 /* BaseTests.swift */; };
		DFD207D426F4DE530065FB98 /* ProFeatures.swift in Sources */ = {isa = PBXBuildFile; fileRef = DFD207D326F4DE530065FB98 /* ProFeatures.swift */; };
		DFD207D626F4DF7A0065FB98 /* DevTools.swift in Sources */ = {isa = PBXBuildFile; fileRef = DFD207D526F4DF7A0065FB98 /* DevTools.swift */; };
		DFD207DD26F4E54E0065FB98 /* StoreManager.swift in Sources */ = {isa = PBXBuildFile; fileRef = DFD207DC26F4E54E0065FB98 /* StoreManager.swift */; };
		DFD2080926F7A53A0065FB98 /* Lottie in Frameworks */ = {isa = PBXBuildFile; productRef = DFD2080826F7A53A0065FB98 /* Lottie */; };
		DFD2080B26F7A5590065FB98 /* LottieView.swift in Sources */ = {isa = PBXBuildFile; fileRef = DFD2080A26F7A5590065FB98 /* LottieView.swift */; };
		DFDE432F25C30DD50085D2BB /* UpdateBrewForm.swift in Sources */ = {isa = PBXBuildFile; fileRef = DFDE432E25C30DD50085D2BB /* UpdateBrewForm.swift */; };
		DFDE433425C33CA10085D2BB /* ABVCalculator.swift in Sources */ = {isa = PBXBuildFile; fileRef = DFDE433325C33CA10085D2BB /* ABVCalculator.swift */; };
		F8C4D012208CDA6F5C03ED3C /* BrewCategoryFilter.swift in Sources */ = {isa = PBXBuildFile; fileRef = F8C4D981C73DBC36CC818165 /* BrewCategoryFilter.swift */; };
		F8C4D1893F93824CE007A64E /* DashboardRoot.swift in Sources */ = {isa = PBXBuildFile; fileRef = F8C4DBD59B3A59F9F42BB2BB /* DashboardRoot.swift */; };
		F8C4D300AE0350BABFAD11ED /* RequestReview.swift in Sources */ = {isa = PBXBuildFile; fileRef = F8C4D9FF84FA14A6D3765283 /* RequestReview.swift */; };
		F8C4D5321BC4289EC47B7EAE /* PurchasedCollectionList.swift in Sources */ = {isa = PBXBuildFile; fileRef = F8C4D33BCBD81740D4F4937F /* PurchasedCollectionList.swift */; };
		F8C4D8D5DC0E898F2666141E /* UpdateSecondaryRecord.swift in Sources */ = {isa = PBXBuildFile; fileRef = F8C4D058E7CDAA282F0F4E3C /* UpdateSecondaryRecord.swift */; };
		F8C4D8D6DD4221D3DF68D611 /* NewCollectionBrewForm.swift in Sources */ = {isa = PBXBuildFile; fileRef = F8C4D45D2C5321AF42045C07 /* NewCollectionBrewForm.swift */; };
		F8C4DC8AE3CC74733008C892 /* CollectionBrewTile.swift in Sources */ = {isa = PBXBuildFile; fileRef = F8C4D2F926F6FEEC4C3DA675 /* CollectionBrewTile.swift */; };
		F8C4DCE71977E164EEB0D078 /* About.swift in Sources */ = {isa = PBXBuildFile; fileRef = F8C4D239619E2D1B87A44D7E /* About.swift */; };
		F8C4DE81B9C8C950BD9F5004 /* BrewTextEditor.swift in Sources */ = {isa = PBXBuildFile; fileRef = F8C4DE9333A4637831ADC633 /* BrewTextEditor.swift */; };
		F8C4DEE93D79AF69FDFC1A10 /* BrewCategoryEditor.swift in Sources */ = {isa = PBXBuildFile; fileRef = F8C4D57690BCD51A5E8D5373 /* BrewCategoryEditor.swift */; };
		F8C4DF486A097609074ED5DA /* BrewBuilder.swift in Sources */ = {isa = PBXBuildFile; fileRef = F8C4DE486E0164CDBB5A2355 /* BrewBuilder.swift */; };
		F8C4DF7EFFFD380879E8DD0E /* CollectionRoot.swift in Sources */ = {isa = PBXBuildFile; fileRef = F8C4DEDF5CCB9AE8121E5BF1 /* CollectionRoot.swift */; };
/* End PBXBuildFile section */

/* Begin PBXContainerItemProxy section */
		DF43B6B725C0695200093ED2 /* PBXContainerItemProxy */ = {
			isa = PBXContainerItemProxy;
			containerPortal = DF43B69825C0694F00093ED2 /* Project object */;
			proxyType = 1;
			remoteGlobalIDString = DF43B69F25C0694F00093ED2;
			remoteInfo = homebrew;
		};
		DFD207AE26EFCB080065FB98 /* PBXContainerItemProxy */ = {
			isa = PBXContainerItemProxy;
			containerPortal = DF43B69825C0694F00093ED2 /* Project object */;
			proxyType = 1;
			remoteGlobalIDString = DF43B69F25C0694F00093ED2;
			remoteInfo = iBru;
		};
		DFD207CE26F0EA4A0065FB98 /* PBXContainerItemProxy */ = {
			isa = PBXContainerItemProxy;
			containerPortal = DF43B69825C0694F00093ED2 /* Project object */;
			proxyType = 1;
			remoteGlobalIDString = DF43B69F25C0694F00093ED2;
			remoteInfo = iBru;
		};
/* End PBXContainerItemProxy section */

/* Begin PBXFileReference section */
		DF43B6A025C0694F00093ED2 /* iBru.app */ = {isa = PBXFileReference; explicitFileType = wrapper.application; includeInIndex = 0; path = iBru.app; sourceTree = BUILT_PRODUCTS_DIR; };
		DF43B6A325C0694F00093ED2 /* homebrewApp.swift */ = {isa = PBXFileReference; lastKnownFileType = sourcecode.swift; path = homebrewApp.swift; sourceTree = "<group>"; };
		DF43B6A725C0695100093ED2 /* Assets.xcassets */ = {isa = PBXFileReference; lastKnownFileType = folder.assetcatalog; path = Assets.xcassets; sourceTree = "<group>"; };
		DF43B6AA25C0695100093ED2 /* Preview Assets.xcassets */ = {isa = PBXFileReference; lastKnownFileType = folder.assetcatalog; path = "Preview Assets.xcassets"; sourceTree = "<group>"; };
		DF43B6AF25C0695100093ED2 /* homebrew.xcdatamodel */ = {isa = PBXFileReference; lastKnownFileType = wrapper.xcdatamodel; path = homebrew.xcdatamodel; sourceTree = "<group>"; };
		DF43B6B125C0695100093ED2 /* Info.plist */ = {isa = PBXFileReference; lastKnownFileType = text.plist.xml; path = Info.plist; sourceTree = "<group>"; };
		DF43B6B625C0695200093ED2 /* iBruTests.xctest */ = {isa = PBXFileReference; explicitFileType = wrapper.cfbundle; includeInIndex = 0; path = iBruTests.xctest; sourceTree = BUILT_PRODUCTS_DIR; };
		DF43B6BA25C0695200093ED2 /* homebrewTests.swift */ = {isa = PBXFileReference; lastKnownFileType = sourcecode.swift; path = homebrewTests.swift; sourceTree = "<group>"; };
		DF43B6BC25C0695200093ED2 /* Info.plist */ = {isa = PBXFileReference; lastKnownFileType = text.plist.xml; path = Info.plist; sourceTree = "<group>"; };
		DF43B6D825C076D000093ED2 /* Brews.swift */ = {isa = PBXFileReference; lastKnownFileType = sourcecode.swift; path = Brews.swift; sourceTree = "<group>"; };
		DF43B6DD25C0815300093ED2 /* NewBrewForm.swift */ = {isa = PBXFileReference; lastKnownFileType = sourcecode.swift; path = NewBrewForm.swift; sourceTree = "<group>"; };
		DF43B6E225C0901C00093ED2 /* BrewDetail.swift */ = {isa = PBXFileReference; lastKnownFileType = sourcecode.swift; path = BrewDetail.swift; sourceTree = "<group>"; };
		DF43B6E725C0A92F00093ED2 /* GravityReading.swift */ = {isa = PBXFileReference; lastKnownFileType = sourcecode.swift; path = GravityReading.swift; sourceTree = "<group>"; };
		DF43B6EC25C0AE5000093ED2 /* NewReadingForm.swift */ = {isa = PBXFileReference; lastKnownFileType = sourcecode.swift; path = NewReadingForm.swift; sourceTree = "<group>"; };
		DF43B6F125C0D38F00093ED2 /* NewBottleRecordForm.swift */ = {isa = PBXFileReference; lastKnownFileType = sourcecode.swift; path = NewBottleRecordForm.swift; sourceTree = "<group>"; };
		DF43B6FC25C0D97900093ED2 /* homebrew.entitlements */ = {isa = PBXFileReference; lastKnownFileType = text.plist.entitlements; path = homebrew.entitlements; sourceTree = "<group>"; };
		DF43B70125C0D9EA00093ED2 /* CloudKit.framework */ = {isa = PBXFileReference; lastKnownFileType = wrapper.framework; name = CloudKit.framework; path = System/Library/Frameworks/CloudKit.framework; sourceTree = SDKROOT; };
		DF60C3D825D2D4FC004921F1 /* UpdateReadingForm.swift */ = {isa = PBXFileReference; lastKnownFileType = sourcecode.swift; path = UpdateReadingForm.swift; sourceTree = "<group>"; };
		DF60F90E26E7B2FB00C93B35 /* SGCalculator.swift */ = {isa = PBXFileReference; lastKnownFileType = sourcecode.swift; path = SGCalculator.swift; sourceTree = "<group>"; };
		DF61D47D274C2E15004A8D09 /* Datasource.swift */ = {isa = PBXFileReference; lastKnownFileType = sourcecode.swift; path = Datasource.swift; sourceTree = "<group>"; };
		DF67C802278D19E900DD60C0 /* categories.swift */ = {isa = PBXFileReference; lastKnownFileType = sourcecode.swift; path = categories.swift; sourceTree = "<group>"; };
		DF78B6782747F24300AE91D9 /* payment-error.json */ = {isa = PBXFileReference; fileEncoding = 4; lastKnownFileType = text.json; path = "payment-error.json"; sourceTree = "<group>"; };
		DF78B6792747F24300AE91D9 /* payment-confirmation.json */ = {isa = PBXFileReference; fileEncoding = 4; lastKnownFileType = text.json; path = "payment-confirmation.json"; sourceTree = "<group>"; };
		DF78B67A2747F24300AE91D9 /* preparing.json */ = {isa = PBXFileReference; fileEncoding = 4; lastKnownFileType = text.json; path = preparing.json; sourceTree = "<group>"; };
		DF78B67B2747F24300AE91D9 /* wine-loading.json */ = {isa = PBXFileReference; fileEncoding = 4; lastKnownFileType = text.json; path = "wine-loading.json"; sourceTree = "<group>"; };
		DF78B67C2747F24300AE91D9 /* payment-loading.json */ = {isa = PBXFileReference; fileEncoding = 4; lastKnownFileType = text.json; path = "payment-loading.json"; sourceTree = "<group>"; };
		DF78B67D2747F24300AE91D9 /* empty.json */ = {isa = PBXFileReference; fileEncoding = 4; lastKnownFileType = text.json; path = empty.json; sourceTree = "<group>"; };
		DF78B6842747F2EC00AE91D9 /* rocket.json */ = {isa = PBXFileReference; fileEncoding = 4; lastKnownFileType = text.json; path = rocket.json; sourceTree = "<group>"; };
		DFB0BD3D26EAA4CA008FDD3A /* NewSecondaryRecord.swift */ = {isa = PBXFileReference; lastKnownFileType = sourcecode.swift; path = NewSecondaryRecord.swift; sourceTree = "<group>"; };
		DFB0BD3F26EAFF98008FDD3A /* Dashboard.swift */ = {isa = PBXFileReference; lastKnownFileType = sourcecode.swift; path = Dashboard.swift; sourceTree = "<group>"; };
		DFB0BD4426EB03A8008FDD3A /* PrimaryList.swift */ = {isa = PBXFileReference; lastKnownFileType = sourcecode.swift; path = PrimaryList.swift; sourceTree = "<group>"; };
		DFB0BD4626EB0409008FDD3A /* SecondaryList.swift */ = {isa = PBXFileReference; lastKnownFileType = sourcecode.swift; path = SecondaryList.swift; sourceTree = "<group>"; };
		DFB0BD4B26EB09FA008FDD3A /* BrewTile.swift */ = {isa = PBXFileReference; lastKnownFileType = sourcecode.swift; path = BrewTile.swift; sourceTree = "<group>"; };
		DFB0BD4D26EB10C8008FDD3A /* BottledList.swift */ = {isa = PBXFileReference; lastKnownFileType = sourcecode.swift; path = BottledList.swift; sourceTree = "<group>"; };
		DFB0BD4F26EB112C008FDD3A /* BrewList.swift */ = {isa = PBXFileReference; lastKnownFileType = sourcecode.swift; path = BrewList.swift; sourceTree = "<group>"; };
		DFB0BD5126EBA465008FDD3A /* NewBrewButtonModifier.swift */ = {isa = PBXFileReference; lastKnownFileType = sourcecode.swift; path = NewBrewButtonModifier.swift; sourceTree = "<group>"; };
		DFB0BD5426EBEE4B008FDD3A /* BrewFunctions.swift */ = {isa = PBXFileReference; lastKnownFileType = sourcecode.swift; path = BrewFunctions.swift; sourceTree = "<group>"; };
		DFB0BD5626EBF1A1008FDD3A /* BrewStage.swift */ = {isa = PBXFileReference; lastKnownFileType = sourcecode.swift; path = BrewStage.swift; sourceTree = "<group>"; };
		DFB0BD5826EBF1E2008FDD3A /* BrewDateFormatter.swift */ = {isa = PBXFileReference; lastKnownFileType = sourcecode.swift; path = BrewDateFormatter.swift; sourceTree = "<group>"; };
		DFB0BD5D26EC0850008FDD3A /* InfoLabel.swift */ = {isa = PBXFileReference; lastKnownFileType = sourcecode.swift; path = InfoLabel.swift; sourceTree = "<group>"; };
		DFB0BD5F26EC0AC8008FDD3A /* Collection.swift */ = {isa = PBXFileReference; lastKnownFileType = sourcecode.swift; path = Collection.swift; sourceTree = "<group>"; };
		DFB0BD6126EC0BC0008FDD3A /* HomebrewCollectionList.swift */ = {isa = PBXFileReference; lastKnownFileType = sourcecode.swift; path = HomebrewCollectionList.swift; sourceTree = "<group>"; };
		DFB0BD6326EC0C2C008FDD3A /* CollectionTile.swift */ = {isa = PBXFileReference; lastKnownFileType = sourcecode.swift; path = CollectionTile.swift; sourceTree = "<group>"; };
		DFB0BD6526ED1200008FDD3A /* UpdateBottleRecord.swift */ = {isa = PBXFileReference; lastKnownFileType = sourcecode.swift; path = UpdateBottleRecord.swift; sourceTree = "<group>"; };
		DFC79B70274820C600D4214E /* Readings.swift */ = {isa = PBXFileReference; lastKnownFileType = sourcecode.swift; path = Readings.swift; sourceTree = "<group>"; };
		DFCDBF8025CDC4D9000CFBFF /* Calculators.swift */ = {isa = PBXFileReference; lastKnownFileType = sourcecode.swift; path = Calculators.swift; sourceTree = "<group>"; };
		DFD207A926EFCB080065FB98 /* iBruScreenShot.xctest */ = {isa = PBXFileReference; explicitFileType = wrapper.cfbundle; includeInIndex = 0; path = iBruScreenShot.xctest; sourceTree = BUILT_PRODUCTS_DIR; };
		DFD207AB26EFCB080065FB98 /* iBruScreenShot.swift */ = {isa = PBXFileReference; lastKnownFileType = sourcecode.swift; path = iBruScreenShot.swift; sourceTree = "<group>"; };
		DFD207AD26EFCB080065FB98 /* Info.plist */ = {isa = PBXFileReference; lastKnownFileType = text.plist.xml; path = Info.plist; sourceTree = "<group>"; };
		DFD207B326EFCB650065FB98 /* SnapshotHelper.swift */ = {isa = PBXFileReference; fileEncoding = 4; lastKnownFileType = sourcecode.swift; name = SnapshotHelper.swift; path = fastlane/SnapshotHelper.swift; sourceTree = SOURCE_ROOT; };
		DFD207C926F0EA4A0065FB98 /* iBruUITests.xctest */ = {isa = PBXFileReference; explicitFileType = wrapper.cfbundle; includeInIndex = 0; path = iBruUITests.xctest; sourceTree = BUILT_PRODUCTS_DIR; };
		DFD207CB26F0EA4A0065FB98 /* BaseTests.swift */ = {isa = PBXFileReference; lastKnownFileType = sourcecode.swift; path = BaseTests.swift; sourceTree = "<group>"; };
		DFD207CD26F0EA4A0065FB98 /* Info.plist */ = {isa = PBXFileReference; lastKnownFileType = text.plist.xml; path = Info.plist; sourceTree = "<group>"; };
		DFD207D326F4DE530065FB98 /* ProFeatures.swift */ = {isa = PBXFileReference; lastKnownFileType = sourcecode.swift; path = ProFeatures.swift; sourceTree = "<group>"; };
		DFD207D526F4DF7A0065FB98 /* DevTools.swift */ = {isa = PBXFileReference; lastKnownFileType = sourcecode.swift; path = DevTools.swift; sourceTree = "<group>"; };
		DFD207DC26F4E54E0065FB98 /* StoreManager.swift */ = {isa = PBXFileReference; lastKnownFileType = sourcecode.swift; path = StoreManager.swift; sourceTree = "<group>"; };
		DFD2080A26F7A5590065FB98 /* LottieView.swift */ = {isa = PBXFileReference; lastKnownFileType = sourcecode.swift; path = LottieView.swift; sourceTree = "<group>"; };
		DFDE432E25C30DD50085D2BB /* UpdateBrewForm.swift */ = {isa = PBXFileReference; lastKnownFileType = sourcecode.swift; path = UpdateBrewForm.swift; sourceTree = "<group>"; };
		DFDE433325C33CA10085D2BB /* ABVCalculator.swift */ = {isa = PBXFileReference; lastKnownFileType = sourcecode.swift; path = ABVCalculator.swift; sourceTree = "<group>"; };
		F8C4D058E7CDAA282F0F4E3C /* UpdateSecondaryRecord.swift */ = {isa = PBXFileReference; fileEncoding = 4; lastKnownFileType = sourcecode.swift; path = UpdateSecondaryRecord.swift; sourceTree = "<group>"; };
		F8C4D239619E2D1B87A44D7E /* About.swift */ = {isa = PBXFileReference; fileEncoding = 4; lastKnownFileType = sourcecode.swift; path = About.swift; sourceTree = "<group>"; };
		F8C4D2F926F6FEEC4C3DA675 /* CollectionBrewTile.swift */ = {isa = PBXFileReference; fileEncoding = 4; lastKnownFileType = sourcecode.swift; path = CollectionBrewTile.swift; sourceTree = "<group>"; };
		F8C4D33BCBD81740D4F4937F /* PurchasedCollectionList.swift */ = {isa = PBXFileReference; fileEncoding = 4; lastKnownFileType = sourcecode.swift; path = PurchasedCollectionList.swift; sourceTree = "<group>"; };
		F8C4D45D2C5321AF42045C07 /* NewCollectionBrewForm.swift */ = {isa = PBXFileReference; fileEncoding = 4; lastKnownFileType = sourcecode.swift; path = NewCollectionBrewForm.swift; sourceTree = "<group>"; };
		F8C4D57690BCD51A5E8D5373 /* BrewCategoryEditor.swift */ = {isa = PBXFileReference; fileEncoding = 4; lastKnownFileType = sourcecode.swift; path = BrewCategoryEditor.swift; sourceTree = "<group>"; };
		F8C4D981C73DBC36CC818165 /* BrewCategoryFilter.swift */ = {isa = PBXFileReference; fileEncoding = 4; lastKnownFileType = sourcecode.swift; path = BrewCategoryFilter.swift; sourceTree = "<group>"; };
		F8C4D9FF84FA14A6D3765283 /* RequestReview.swift */ = {isa = PBXFileReference; fileEncoding = 4; lastKnownFileType = sourcecode.swift; path = RequestReview.swift; sourceTree = "<group>"; };
		F8C4DBD59B3A59F9F42BB2BB /* DashboardRoot.swift */ = {isa = PBXFileReference; fileEncoding = 4; lastKnownFileType = sourcecode.swift; path = DashboardRoot.swift; sourceTree = "<group>"; };
		F8C4DE486E0164CDBB5A2355 /* BrewBuilder.swift */ = {isa = PBXFileReference; fileEncoding = 4; lastKnownFileType = sourcecode.swift; path = BrewBuilder.swift; sourceTree = "<group>"; };
		F8C4DE9333A4637831ADC633 /* BrewTextEditor.swift */ = {isa = PBXFileReference; fileEncoding = 4; lastKnownFileType = sourcecode.swift; path = BrewTextEditor.swift; sourceTree = "<group>"; };
		F8C4DEDF5CCB9AE8121E5BF1 /* CollectionRoot.swift */ = {isa = PBXFileReference; fileEncoding = 4; lastKnownFileType = sourcecode.swift; path = CollectionRoot.swift; sourceTree = "<group>"; };
/* End PBXFileReference section */

/* Begin PBXFrameworksBuildPhase section */
		DF43B69D25C0694F00093ED2 /* Frameworks */ = {
			isa = PBXFrameworksBuildPhase;
			buildActionMask = 2147483647;
			files = (
				DFB0BD4A26EB0906008FDD3A /* QuickComponents in Frameworks */,
				DF43B70225C0D9EA00093ED2 /* CloudKit.framework in Frameworks */,
				DFD2080926F7A53A0065FB98 /* Lottie in Frameworks */,
			);
			runOnlyForDeploymentPostprocessing = 0;
		};
		DF43B6B325C0695200093ED2 /* Frameworks */ = {
			isa = PBXFrameworksBuildPhase;
			buildActionMask = 2147483647;
			files = (
			);
			runOnlyForDeploymentPostprocessing = 0;
		};
		DFD207A626EFCB080065FB98 /* Frameworks */ = {
			isa = PBXFrameworksBuildPhase;
			buildActionMask = 2147483647;
			files = (
			);
			runOnlyForDeploymentPostprocessing = 0;
		};
		DFD207C626F0EA4A0065FB98 /* Frameworks */ = {
			isa = PBXFrameworksBuildPhase;
			buildActionMask = 2147483647;
			files = (
			);
			runOnlyForDeploymentPostprocessing = 0;
		};
/* End PBXFrameworksBuildPhase section */

/* Begin PBXGroup section */
		DF43B69725C0694F00093ED2 = {
			isa = PBXGroup;
			children = (
				DF43B6A225C0694F00093ED2 /* homebrew */,
				DF43B6B925C0695200093ED2 /* homebrewTests */,
				DFD207AA26EFCB080065FB98 /* iBruScreenShot */,
				DFD207CA26F0EA4A0065FB98 /* iBruUITests */,
				DF43B6A125C0694F00093ED2 /* Products */,
				DF43B70025C0D9EA00093ED2 /* Frameworks */,
			);
			sourceTree = "<group>";
		};
		DF43B6A125C0694F00093ED2 /* Products */ = {
			isa = PBXGroup;
			children = (
				DF43B6A025C0694F00093ED2 /* iBru.app */,
				DF43B6B625C0695200093ED2 /* iBruTests.xctest */,
				DFD207A926EFCB080065FB98 /* iBruScreenShot.xctest */,
				DFD207C926F0EA4A0065FB98 /* iBruUITests.xctest */,
			);
			name = Products;
			sourceTree = "<group>";
		};
		DF43B6A225C0694F00093ED2 /* homebrew */ = {
			isa = PBXGroup;
			children = (
				DF8662DC26F7A5D200E3B534 /* animations */,
				DFD207D926F4E1F20065FB98 /* Pro */,
				DFB0BD5326EBEE1C008FDD3A /* Common */,
				DFB0BD4126EB0068008FDD3A /* Filters */,
				DF43B6FC25C0D97900093ED2 /* homebrew.entitlements */,
				DF43B6D725C0761400093ED2 /* Components */,
				DF43B6D625C0760700093ED2 /* Views */,
				DF43B6A325C0694F00093ED2 /* homebrewApp.swift */,
				DF43B6A725C0695100093ED2 /* Assets.xcassets */,
				DF61D47D274C2E15004A8D09 /* Datasource.swift */,
				DF43B6B125C0695100093ED2 /* Info.plist */,
				DF43B6AE25C0695100093ED2 /* homebrew.xcdatamodeld */,
				DF43B6A925C0695100093ED2 /* Preview Content */,
				F8C4DBD59B3A59F9F42BB2BB /* DashboardRoot.swift */,
				F8C4DEDF5CCB9AE8121E5BF1 /* CollectionRoot.swift */,
			);
			path = homebrew;
			sourceTree = "<group>";
		};
		DF43B6A925C0695100093ED2 /* Preview Content */ = {
			isa = PBXGroup;
			children = (
				DF43B6AA25C0695100093ED2 /* Preview Assets.xcassets */,
			);
			path = "Preview Content";
			sourceTree = "<group>";
		};
		DF43B6B925C0695200093ED2 /* homebrewTests */ = {
			isa = PBXGroup;
			children = (
				DF43B6BA25C0695200093ED2 /* homebrewTests.swift */,
				DF43B6BC25C0695200093ED2 /* Info.plist */,
			);
			path = homebrewTests;
			sourceTree = "<group>";
		};
		DF43B6D625C0760700093ED2 /* Views */ = {
			isa = PBXGroup;
			children = (
				DFB0BD5C26EBF375008FDD3A /* Pages */,
				DFB0BD5B26EBF369008FDD3A /* Calculators */,
				DFB0BD5A26EBF35C008FDD3A /* Forms */,
			);
			path = Views;
			sourceTree = "<group>";
		};
		DF43B6D725C0761400093ED2 /* Components */ = {
			isa = PBXGroup;
			children = (
				DFB0BD4626EB0409008FDD3A /* SecondaryList.swift */,
				DFB0BD4426EB03A8008FDD3A /* PrimaryList.swift */,
				DFB0BD4D26EB10C8008FDD3A /* BottledList.swift */,
				DFB0BD4F26EB112C008FDD3A /* BrewList.swift */,
				DFB0BD4B26EB09FA008FDD3A /* BrewTile.swift */,
				DF43B6E725C0A92F00093ED2 /* GravityReading.swift */,
				DFB0BD6326EC0C2C008FDD3A /* CollectionTile.swift */,
				DFB0BD5126EBA465008FDD3A /* NewBrewButtonModifier.swift */,
				DFB0BD5D26EC0850008FDD3A /* InfoLabel.swift */,
				DFB0BD6126EC0BC0008FDD3A /* HomebrewCollectionList.swift */,
				DFD2080A26F7A5590065FB98 /* LottieView.swift */,
				F8C4D981C73DBC36CC818165 /* BrewCategoryFilter.swift */,
				F8C4D33BCBD81740D4F4937F /* PurchasedCollectionList.swift */,
				F8C4D2F926F6FEEC4C3DA675 /* CollectionBrewTile.swift */,
			);
			path = Components;
			sourceTree = "<group>";
		};
		DF43B70025C0D9EA00093ED2 /* Frameworks */ = {
			isa = PBXGroup;
			children = (
				DF43B70125C0D9EA00093ED2 /* CloudKit.framework */,
			);
			name = Frameworks;
			sourceTree = "<group>";
		};
		DF8662DC26F7A5D200E3B534 /* animations */ = {
			isa = PBXGroup;
			children = (
				DF78B67D2747F24300AE91D9 /* empty.json */,
				DF78B6792747F24300AE91D9 /* payment-confirmation.json */,
				DF78B6782747F24300AE91D9 /* payment-error.json */,
				DF78B67C2747F24300AE91D9 /* payment-loading.json */,
				DF78B67A2747F24300AE91D9 /* preparing.json */,
				DF78B67B2747F24300AE91D9 /* wine-loading.json */,
				DF78B6842747F2EC00AE91D9 /* rocket.json */,
			);
			path = animations;
			sourceTree = "<group>";
		};
		DFB0BD4126EB0068008FDD3A /* Filters */ = {
			isa = PBXGroup;
			children = (
			);
			path = Filters;
			sourceTree = "<group>";
		};
		DFB0BD5326EBEE1C008FDD3A /* Common */ = {
			isa = PBXGroup;
			children = (
				DFB0BD5426EBEE4B008FDD3A /* BrewFunctions.swift */,
				DFB0BD5626EBF1A1008FDD3A /* BrewStage.swift */,
				DFB0BD5826EBF1E2008FDD3A /* BrewDateFormatter.swift */,
				F8C4DE486E0164CDBB5A2355 /* BrewBuilder.swift */,
				F8C4D9FF84FA14A6D3765283 /* RequestReview.swift */,
				DF67C802278D19E900DD60C0 /* categories.swift */,
			);
			path = Common;
			sourceTree = "<group>";
		};
		DFB0BD5A26EBF35C008FDD3A /* Forms */ = {
			isa = PBXGroup;
			children = (
				DF43B6DD25C0815300093ED2 /* NewBrewForm.swift */,
				DF43B6EC25C0AE5000093ED2 /* NewReadingForm.swift */,
				DF60C3D825D2D4FC004921F1 /* UpdateReadingForm.swift */,
				DF43B6F125C0D38F00093ED2 /* NewBottleRecordForm.swift */,
				DFB0BD3D26EAA4CA008FDD3A /* NewSecondaryRecord.swift */,
				DFDE432E25C30DD50085D2BB /* UpdateBrewForm.swift */,
				DFB0BD6526ED1200008FDD3A /* UpdateBottleRecord.swift */,
				F8C4DE9333A4637831ADC633 /* BrewTextEditor.swift */,
				F8C4D058E7CDAA282F0F4E3C /* UpdateSecondaryRecord.swift */,
				F8C4D57690BCD51A5E8D5373 /* BrewCategoryEditor.swift */,
				F8C4D45D2C5321AF42045C07 /* NewCollectionBrewForm.swift */,
			);
			path = Forms;
			sourceTree = "<group>";
		};
		DFB0BD5B26EBF369008FDD3A /* Calculators */ = {
			isa = PBXGroup;
			children = (
				DFDE433325C33CA10085D2BB /* ABVCalculator.swift */,
				DF60F90E26E7B2FB00C93B35 /* SGCalculator.swift */,
			);
			path = Calculators;
			sourceTree = "<group>";
		};
		DFB0BD5C26EBF375008FDD3A /* Pages */ = {
			isa = PBXGroup;
			children = (
				DF43B6D825C076D000093ED2 /* Brews.swift */,
				DF43B6E225C0901C00093ED2 /* BrewDetail.swift */,
				DFCDBF8025CDC4D9000CFBFF /* Calculators.swift */,
				DFB0BD3F26EAFF98008FDD3A /* Dashboard.swift */,
				DFB0BD5F26EC0AC8008FDD3A /* Collection.swift */,
				DFD207D326F4DE530065FB98 /* ProFeatures.swift */,
				DFD207D526F4DF7A0065FB98 /* DevTools.swift */,
				DFC79B70274820C600D4214E /* Readings.swift */,
				F8C4D239619E2D1B87A44D7E /* About.swift */,
			);
			path = Pages;
			sourceTree = "<group>";
		};
		DFD207AA26EFCB080065FB98 /* iBruScreenShot */ = {
			isa = PBXGroup;
			children = (
				DFD207B326EFCB650065FB98 /* SnapshotHelper.swift */,
				DFD207AB26EFCB080065FB98 /* iBruScreenShot.swift */,
				DFD207AD26EFCB080065FB98 /* Info.plist */,
			);
			path = iBruScreenShot;
			sourceTree = "<group>";
		};
		DFD207CA26F0EA4A0065FB98 /* iBruUITests */ = {
			isa = PBXGroup;
			children = (
				DFD207CB26F0EA4A0065FB98 /* BaseTests.swift */,
				DFD207CD26F0EA4A0065FB98 /* Info.plist */,
			);
			path = iBruUITests;
			sourceTree = "<group>";
		};
		DFD207D926F4E1F20065FB98 /* Pro */ = {
			isa = PBXGroup;
			children = (
				DFD207DC26F4E54E0065FB98 /* StoreManager.swift */,
			);
			path = Pro;
			sourceTree = "<group>";
		};
/* End PBXGroup section */

/* Begin PBXNativeTarget section */
		DF43B69F25C0694F00093ED2 /* iBru */ = {
			isa = PBXNativeTarget;
			buildConfigurationList = DF43B6CA25C0695200093ED2 /* Build configuration list for PBXNativeTarget "iBru" */;
			buildPhases = (
				DF43B69C25C0694F00093ED2 /* Sources */,
				DF43B69D25C0694F00093ED2 /* Frameworks */,
				DF43B69E25C0694F00093ED2 /* Resources */,
			);
			buildRules = (
			);
			dependencies = (
			);
			name = iBru;
			packageProductDependencies = (
				DFB0BD4926EB0906008FDD3A /* QuickComponents */,
				DFD2080826F7A53A0065FB98 /* Lottie */,
			);
			productName = homebrew;
			productReference = DF43B6A025C0694F00093ED2 /* iBru.app */;
			productType = "com.apple.product-type.application";
		};
		DF43B6B525C0695200093ED2 /* iBruTests */ = {
			isa = PBXNativeTarget;
			buildConfigurationList = DF43B6CD25C0695200093ED2 /* Build configuration list for PBXNativeTarget "iBruTests" */;
			buildPhases = (
				DF43B6B225C0695200093ED2 /* Sources */,
				DF43B6B325C0695200093ED2 /* Frameworks */,
				DF43B6B425C0695200093ED2 /* Resources */,
			);
			buildRules = (
			);
			dependencies = (
				DF43B6B825C0695200093ED2 /* PBXTargetDependency */,
			);
			name = iBruTests;
			productName = homebrewTests;
			productReference = DF43B6B625C0695200093ED2 /* iBruTests.xctest */;
			productType = "com.apple.product-type.bundle.unit-test";
		};
		DFD207A826EFCB080065FB98 /* iBruScreenShot */ = {
			isa = PBXNativeTarget;
			buildConfigurationList = DFD207B226EFCB080065FB98 /* Build configuration list for PBXNativeTarget "iBruScreenShot" */;
			buildPhases = (
				DFD207A526EFCB080065FB98 /* Sources */,
				DFD207A626EFCB080065FB98 /* Frameworks */,
				DFD207A726EFCB080065FB98 /* Resources */,
			);
			buildRules = (
			);
			dependencies = (
				DFD207AF26EFCB080065FB98 /* PBXTargetDependency */,
			);
			name = iBruScreenShot;
			productName = iBruScreenShot;
			productReference = DFD207A926EFCB080065FB98 /* iBruScreenShot.xctest */;
			productType = "com.apple.product-type.bundle.ui-testing";
		};
		DFD207C826F0EA4A0065FB98 /* iBruUITests */ = {
			isa = PBXNativeTarget;
			buildConfigurationList = DFD207D026F0EA4A0065FB98 /* Build configuration list for PBXNativeTarget "iBruUITests" */;
			buildPhases = (
				DFD207C526F0EA4A0065FB98 /* Sources */,
				DFD207C626F0EA4A0065FB98 /* Frameworks */,
				DFD207C726F0EA4A0065FB98 /* Resources */,
			);
			buildRules = (
			);
			dependencies = (
				DFD207CF26F0EA4A0065FB98 /* PBXTargetDependency */,
			);
			name = iBruUITests;
			productName = iBruUITests;
			productReference = DFD207C926F0EA4A0065FB98 /* iBruUITests.xctest */;
			productType = "com.apple.product-type.bundle.ui-testing";
		};
/* End PBXNativeTarget section */

/* Begin PBXProject section */
		DF43B69825C0694F00093ED2 /* Project object */ = {
			isa = PBXProject;
			attributes = {
				LastSwiftUpdateCheck = 1250;
				LastUpgradeCheck = 1230;
				TargetAttributes = {
					DF43B69F25C0694F00093ED2 = {
						CreatedOnToolsVersion = 12.3;
					};
					DF43B6B525C0695200093ED2 = {
						CreatedOnToolsVersion = 12.3;
						TestTargetID = DF43B69F25C0694F00093ED2;
					};
					DFD207A826EFCB080065FB98 = {
						CreatedOnToolsVersion = 12.5.1;
						TestTargetID = DF43B69F25C0694F00093ED2;
					};
					DFD207C826F0EA4A0065FB98 = {
						CreatedOnToolsVersion = 12.5.1;
						TestTargetID = DF43B69F25C0694F00093ED2;
					};
				};
			};
			buildConfigurationList = DF43B69B25C0694F00093ED2 /* Build configuration list for PBXProject "iBru" */;
			compatibilityVersion = "Xcode 9.3";
			developmentRegion = en;
			hasScannedForEncodings = 0;
			knownRegions = (
				en,
				Base,
			);
			mainGroup = DF43B69725C0694F00093ED2;
			packageReferences = (
				DFB0BD4826EB0906008FDD3A /* XCRemoteSwiftPackageReference "QuickComponents" */,
				DFD2080726F7A53A0065FB98 /* XCRemoteSwiftPackageReference "lottie-ios" */,
			);
			productRefGroup = DF43B6A125C0694F00093ED2 /* Products */;
			projectDirPath = "";
			projectRoot = "";
			targets = (
				DF43B69F25C0694F00093ED2 /* iBru */,
				DF43B6B525C0695200093ED2 /* iBruTests */,
				DFD207A826EFCB080065FB98 /* iBruScreenShot */,
				DFD207C826F0EA4A0065FB98 /* iBruUITests */,
			);
		};
/* End PBXProject section */

/* Begin PBXResourcesBuildPhase section */
		DF43B69E25C0694F00093ED2 /* Resources */ = {
			isa = PBXResourcesBuildPhase;
			buildActionMask = 2147483647;
			files = (
				DF43B6AB25C0695100093ED2 /* Preview Assets.xcassets in Resources */,
				DF78B6832747F24300AE91D9 /* empty.json in Resources */,
				DF78B6812747F24300AE91D9 /* wine-loading.json in Resources */,
				DF78B67F2747F24300AE91D9 /* payment-confirmation.json in Resources */,
				DF78B6822747F24300AE91D9 /* payment-loading.json in Resources */,
				DF43B6A825C0695100093ED2 /* Assets.xcassets in Resources */,
				DF78B6852747F2EC00AE91D9 /* rocket.json in Resources */,
				DF78B6802747F24300AE91D9 /* preparing.json in Resources */,
				DF78B67E2747F24300AE91D9 /* payment-error.json in Resources */,
			);
			runOnlyForDeploymentPostprocessing = 0;
		};
		DF43B6B425C0695200093ED2 /* Resources */ = {
			isa = PBXResourcesBuildPhase;
			buildActionMask = 2147483647;
			files = (
			);
			runOnlyForDeploymentPostprocessing = 0;
		};
		DFD207A726EFCB080065FB98 /* Resources */ = {
			isa = PBXResourcesBuildPhase;
			buildActionMask = 2147483647;
			files = (
			);
			runOnlyForDeploymentPostprocessing = 0;
		};
		DFD207C726F0EA4A0065FB98 /* Resources */ = {
			isa = PBXResourcesBuildPhase;
			buildActionMask = 2147483647;
			files = (
			);
			runOnlyForDeploymentPostprocessing = 0;
		};
/* End PBXResourcesBuildPhase section */

/* Begin PBXSourcesBuildPhase section */
		DF43B69C25C0694F00093ED2 /* Sources */ = {
			isa = PBXSourcesBuildPhase;
			buildActionMask = 2147483647;
			files = (
				DF43B6DE25C0815300093ED2 /* NewBrewForm.swift in Sources */,
				DF60F90F26E7B2FB00C93B35 /* SGCalculator.swift in Sources */,
				DFB0BD5926EBF1E2008FDD3A /* BrewDateFormatter.swift in Sources */,
				DF43B6D925C076D000093ED2 /* Brews.swift in Sources */,
				DFB0BD3E26EAA4CA008FDD3A /* NewSecondaryRecord.swift in Sources */,
				DFB0BD5726EBF1A1008FDD3A /* BrewStage.swift in Sources */,
				DFB0BD5026EB112C008FDD3A /* BrewList.swift in Sources */,
				DF43B6E325C0901C00093ED2 /* BrewDetail.swift in Sources */,
				DF61D47E274C2E15004A8D09 /* Datasource.swift in Sources */,
				DF43B6F225C0D38F00093ED2 /* NewBottleRecordForm.swift in Sources */,
				DF60C3D925D2D4FC004921F1 /* UpdateReadingForm.swift in Sources */,
				DF43B6ED25C0AE5000093ED2 /* NewReadingForm.swift in Sources */,
				DFCDBF8125CDC4D9000CFBFF /* Calculators.swift in Sources */,
				DFB0BD5226EBA465008FDD3A /* NewBrewButtonModifier.swift in Sources */,
				DFB0BD5E26EC0850008FDD3A /* InfoLabel.swift in Sources */,
				DFB0BD6426EC0C2C008FDD3A /* CollectionTile.swift in Sources */,
				DFB0BD4526EB03A8008FDD3A /* PrimaryList.swift in Sources */,
				DFB0BD4726EB0409008FDD3A /* SecondaryList.swift in Sources */,
				DFB0BD5526EBEE4B008FDD3A /* BrewFunctions.swift in Sources */,
				DFB0BD6626ED1200008FDD3A /* UpdateBottleRecord.swift in Sources */,
				DFB0BD6026EC0AC8008FDD3A /* Collection.swift in Sources */,
				DFDE432F25C30DD50085D2BB /* UpdateBrewForm.swift in Sources */,
				DFD207D426F4DE530065FB98 /* ProFeatures.swift in Sources */,
				DF43B6B025C0695100093ED2 /* homebrew.xcdatamodeld in Sources */,
				DFDE433425C33CA10085D2BB /* ABVCalculator.swift in Sources */,
				DFD207DD26F4E54E0065FB98 /* StoreManager.swift in Sources */,
				DFD207D626F4DF7A0065FB98 /* DevTools.swift in Sources */,
				DF67C803278D19E900DD60C0 /* categories.swift in Sources */,
				DF43B6A425C0694F00093ED2 /* homebrewApp.swift in Sources */,
				DF43B6E825C0A92F00093ED2 /* GravityReading.swift in Sources */,
				DFC79B71274820C600D4214E /* Readings.swift in Sources */,
				DFB0BD4E26EB10C8008FDD3A /* BottledList.swift in Sources */,
				DFB0BD4026EAFF98008FDD3A /* Dashboard.swift in Sources */,
				DFD2080B26F7A5590065FB98 /* LottieView.swift in Sources */,
				DFB0BD4C26EB09FA008FDD3A /* BrewTile.swift in Sources */,
				DFB0BD6226EC0BC0008FDD3A /* HomebrewCollectionList.swift in Sources */,
				F8C4DF486A097609074ED5DA /* BrewBuilder.swift in Sources */,
				F8C4DE81B9C8C950BD9F5004 /* BrewTextEditor.swift in Sources */,
				F8C4D8D5DC0E898F2666141E /* UpdateSecondaryRecord.swift in Sources */,
				F8C4D300AE0350BABFAD11ED /* RequestReview.swift in Sources */,
				F8C4DCE71977E164EEB0D078 /* About.swift in Sources */,
				F8C4D012208CDA6F5C03ED3C /* BrewCategoryFilter.swift in Sources */,
				F8C4DEE93D79AF69FDFC1A10 /* BrewCategoryEditor.swift in Sources */,
				F8C4D8D6DD4221D3DF68D611 /* NewCollectionBrewForm.swift in Sources */,
				F8C4D5321BC4289EC47B7EAE /* PurchasedCollectionList.swift in Sources */,
				F8C4DC8AE3CC74733008C892 /* CollectionBrewTile.swift in Sources */,
				F8C4D1893F93824CE007A64E /* DashboardRoot.swift in Sources */,
				F8C4DF7EFFFD380879E8DD0E /* CollectionRoot.swift in Sources */,
			);
			runOnlyForDeploymentPostprocessing = 0;
		};
		DF43B6B225C0695200093ED2 /* Sources */ = {
			isa = PBXSourcesBuildPhase;
			buildActionMask = 2147483647;
			files = (
				DF43B6BB25C0695200093ED2 /* homebrewTests.swift in Sources */,
			);
			runOnlyForDeploymentPostprocessing = 0;
		};
		DFD207A526EFCB080065FB98 /* Sources */ = {
			isa = PBXSourcesBuildPhase;
			buildActionMask = 2147483647;
			files = (
				DFD207AC26EFCB080065FB98 /* iBruScreenShot.swift in Sources */,
				DFD207B426EFCB650065FB98 /* SnapshotHelper.swift in Sources */,
			);
			runOnlyForDeploymentPostprocessing = 0;
		};
		DFD207C526F0EA4A0065FB98 /* Sources */ = {
			isa = PBXSourcesBuildPhase;
			buildActionMask = 2147483647;
			files = (
				DFD207CC26F0EA4A0065FB98 /* BaseTests.swift in Sources */,
			);
			runOnlyForDeploymentPostprocessing = 0;
		};
/* End PBXSourcesBuildPhase section */

/* Begin PBXTargetDependency section */
		DF43B6B825C0695200093ED2 /* PBXTargetDependency */ = {
			isa = PBXTargetDependency;
			target = DF43B69F25C0694F00093ED2 /* iBru */;
			targetProxy = DF43B6B725C0695200093ED2 /* PBXContainerItemProxy */;
		};
		DFD207AF26EFCB080065FB98 /* PBXTargetDependency */ = {
			isa = PBXTargetDependency;
			target = DF43B69F25C0694F00093ED2 /* iBru */;
			targetProxy = DFD207AE26EFCB080065FB98 /* PBXContainerItemProxy */;
		};
		DFD207CF26F0EA4A0065FB98 /* PBXTargetDependency */ = {
			isa = PBXTargetDependency;
			target = DF43B69F25C0694F00093ED2 /* iBru */;
			targetProxy = DFD207CE26F0EA4A0065FB98 /* PBXContainerItemProxy */;
		};
/* End PBXTargetDependency section */

/* Begin XCBuildConfiguration section */
		DF43B6C825C0695200093ED2 /* Debug */ = {
			isa = XCBuildConfiguration;
			buildSettings = {
				ALWAYS_SEARCH_USER_PATHS = NO;
				CLANG_ANALYZER_NONNULL = YES;
				CLANG_ANALYZER_NUMBER_OBJECT_CONVERSION = YES_AGGRESSIVE;
				CLANG_CXX_LANGUAGE_STANDARD = "gnu++14";
				CLANG_CXX_LIBRARY = "libc++";
				CLANG_ENABLE_MODULES = YES;
				CLANG_ENABLE_OBJC_ARC = YES;
				CLANG_ENABLE_OBJC_WEAK = YES;
				CLANG_WARN_BLOCK_CAPTURE_AUTORELEASING = YES;
				CLANG_WARN_BOOL_CONVERSION = YES;
				CLANG_WARN_COMMA = YES;
				CLANG_WARN_CONSTANT_CONVERSION = YES;
				CLANG_WARN_DEPRECATED_OBJC_IMPLEMENTATIONS = YES;
				CLANG_WARN_DIRECT_OBJC_ISA_USAGE = YES_ERROR;
				CLANG_WARN_DOCUMENTATION_COMMENTS = YES;
				CLANG_WARN_EMPTY_BODY = YES;
				CLANG_WARN_ENUM_CONVERSION = YES;
				CLANG_WARN_INFINITE_RECURSION = YES;
				CLANG_WARN_INT_CONVERSION = YES;
				CLANG_WARN_NON_LITERAL_NULL_CONVERSION = YES;
				CLANG_WARN_OBJC_IMPLICIT_RETAIN_SELF = YES;
				CLANG_WARN_OBJC_LITERAL_CONVERSION = YES;
				CLANG_WARN_OBJC_ROOT_CLASS = YES_ERROR;
				CLANG_WARN_QUOTED_INCLUDE_IN_FRAMEWORK_HEADER = YES;
				CLANG_WARN_RANGE_LOOP_ANALYSIS = YES;
				CLANG_WARN_STRICT_PROTOTYPES = YES;
				CLANG_WARN_SUSPICIOUS_MOVE = YES;
				CLANG_WARN_UNGUARDED_AVAILABILITY = YES_AGGRESSIVE;
				CLANG_WARN_UNREACHABLE_CODE = YES;
				CLANG_WARN__DUPLICATE_METHOD_MATCH = YES;
				COPY_PHASE_STRIP = NO;
				DEBUG_INFORMATION_FORMAT = dwarf;
				ENABLE_STRICT_OBJC_MSGSEND = YES;
				ENABLE_TESTABILITY = YES;
				GCC_C_LANGUAGE_STANDARD = gnu11;
				GCC_DYNAMIC_NO_PIC = NO;
				GCC_NO_COMMON_BLOCKS = YES;
				GCC_OPTIMIZATION_LEVEL = 0;
				GCC_PREPROCESSOR_DEFINITIONS = (
					"DEBUG=1",
					"$(inherited)",
				);
				GCC_WARN_64_TO_32_BIT_CONVERSION = YES;
				GCC_WARN_ABOUT_RETURN_TYPE = YES_ERROR;
				GCC_WARN_UNDECLARED_SELECTOR = YES;
				GCC_WARN_UNINITIALIZED_AUTOS = YES_AGGRESSIVE;
				GCC_WARN_UNUSED_FUNCTION = YES;
				GCC_WARN_UNUSED_VARIABLE = YES;
				IPHONEOS_DEPLOYMENT_TARGET = 14.3;
				MTL_ENABLE_DEBUG_INFO = INCLUDE_SOURCE;
				MTL_FAST_MATH = YES;
				ONLY_ACTIVE_ARCH = YES;
				SDKROOT = iphoneos;
				SWIFT_ACTIVE_COMPILATION_CONDITIONS = DEBUG;
				SWIFT_INSTALL_OBJC_HEADER = NO;
				SWIFT_OPTIMIZATION_LEVEL = "-Onone";
			};
			name = Debug;
		};
		DF43B6C925C0695200093ED2 /* Release */ = {
			isa = XCBuildConfiguration;
			buildSettings = {
				ALWAYS_SEARCH_USER_PATHS = NO;
				CLANG_ANALYZER_NONNULL = YES;
				CLANG_ANALYZER_NUMBER_OBJECT_CONVERSION = YES_AGGRESSIVE;
				CLANG_CXX_LANGUAGE_STANDARD = "gnu++14";
				CLANG_CXX_LIBRARY = "libc++";
				CLANG_ENABLE_MODULES = YES;
				CLANG_ENABLE_OBJC_ARC = YES;
				CLANG_ENABLE_OBJC_WEAK = YES;
				CLANG_WARN_BLOCK_CAPTURE_AUTORELEASING = YES;
				CLANG_WARN_BOOL_CONVERSION = YES;
				CLANG_WARN_COMMA = YES;
				CLANG_WARN_CONSTANT_CONVERSION = YES;
				CLANG_WARN_DEPRECATED_OBJC_IMPLEMENTATIONS = YES;
				CLANG_WARN_DIRECT_OBJC_ISA_USAGE = YES_ERROR;
				CLANG_WARN_DOCUMENTATION_COMMENTS = YES;
				CLANG_WARN_EMPTY_BODY = YES;
				CLANG_WARN_ENUM_CONVERSION = YES;
				CLANG_WARN_INFINITE_RECURSION = YES;
				CLANG_WARN_INT_CONVERSION = YES;
				CLANG_WARN_NON_LITERAL_NULL_CONVERSION = YES;
				CLANG_WARN_OBJC_IMPLICIT_RETAIN_SELF = YES;
				CLANG_WARN_OBJC_LITERAL_CONVERSION = YES;
				CLANG_WARN_OBJC_ROOT_CLASS = YES_ERROR;
				CLANG_WARN_QUOTED_INCLUDE_IN_FRAMEWORK_HEADER = YES;
				CLANG_WARN_RANGE_LOOP_ANALYSIS = YES;
				CLANG_WARN_STRICT_PROTOTYPES = YES;
				CLANG_WARN_SUSPICIOUS_MOVE = YES;
				CLANG_WARN_UNGUARDED_AVAILABILITY = YES_AGGRESSIVE;
				CLANG_WARN_UNREACHABLE_CODE = YES;
				CLANG_WARN__DUPLICATE_METHOD_MATCH = YES;
				COPY_PHASE_STRIP = NO;
				DEBUG_INFORMATION_FORMAT = "dwarf-with-dsym";
				ENABLE_NS_ASSERTIONS = NO;
				ENABLE_STRICT_OBJC_MSGSEND = YES;
				GCC_C_LANGUAGE_STANDARD = gnu11;
				GCC_NO_COMMON_BLOCKS = YES;
				GCC_WARN_64_TO_32_BIT_CONVERSION = YES;
				GCC_WARN_ABOUT_RETURN_TYPE = YES_ERROR;
				GCC_WARN_UNDECLARED_SELECTOR = YES;
				GCC_WARN_UNINITIALIZED_AUTOS = YES_AGGRESSIVE;
				GCC_WARN_UNUSED_FUNCTION = YES;
				GCC_WARN_UNUSED_VARIABLE = YES;
				IPHONEOS_DEPLOYMENT_TARGET = 14.3;
				MTL_ENABLE_DEBUG_INFO = NO;
				MTL_FAST_MATH = YES;
				SDKROOT = iphoneos;
				SWIFT_COMPILATION_MODE = wholemodule;
				SWIFT_INSTALL_OBJC_HEADER = NO;
				SWIFT_OPTIMIZATION_LEVEL = "-O";
				VALIDATE_PRODUCT = YES;
			};
			name = Release;
		};
		DF43B6CB25C0695200093ED2 /* Debug */ = {
			isa = XCBuildConfiguration;
			buildSettings = {
				ASSETCATALOG_COMPILER_APPICON_NAME = AppIcon;
				ASSETCATALOG_COMPILER_GLOBAL_ACCENT_COLOR_NAME = AccentColor;
				CODE_SIGN_ENTITLEMENTS = homebrew/homebrew.entitlements;
				CODE_SIGN_STYLE = Automatic;
				CURRENT_PROJECT_VERSION = 1001;
				DEVELOPMENT_ASSET_PATHS = "\"homebrew/Preview Content\"";
				DEVELOPMENT_TEAM = Y259ZT3SQK;
				ENABLE_PREVIEWS = YES;
				GCC_OPTIMIZATION_LEVEL = 0;
				INFOPLIST_FILE = homebrew/Info.plist;
				IPHONEOS_DEPLOYMENT_TARGET = 15.0;
				LD_RUNPATH_SEARCH_PATHS = (
					"$(inherited)",
					"@executable_path/Frameworks",
				);
				MARKETING_VERSION = 2.2.1;
				PRODUCT_BUNDLE_IDENTIFIER = lucasdesouza.homebrew;
				PRODUCT_NAME = "$(TARGET_NAME)";
				SUPPORTS_MACCATALYST = YES;
				SUPPORTS_MAC_DESIGNED_FOR_IPHONE_IPAD = YES;
				SWIFT_VERSION = 5.0;
				TARGETED_DEVICE_FAMILY = "1,2";
			};
			name = Debug;
		};
		DF43B6CC25C0695200093ED2 /* Release */ = {
			isa = XCBuildConfiguration;
			buildSettings = {
				ASSETCATALOG_COMPILER_APPICON_NAME = AppIcon;
				ASSETCATALOG_COMPILER_GLOBAL_ACCENT_COLOR_NAME = AccentColor;
				CODE_SIGN_ENTITLEMENTS = homebrew/homebrew.entitlements;
				CODE_SIGN_STYLE = Automatic;
				CURRENT_PROJECT_VERSION = 1001;
				DEVELOPMENT_ASSET_PATHS = "\"homebrew/Preview Content\"";
				DEVELOPMENT_TEAM = Y259ZT3SQK;
				ENABLE_PREVIEWS = YES;
				GCC_OPTIMIZATION_LEVEL = s;
				INFOPLIST_FILE = homebrew/Info.plist;
				IPHONEOS_DEPLOYMENT_TARGET = 15.0;
				LD_RUNPATH_SEARCH_PATHS = (
					"$(inherited)",
					"@executable_path/Frameworks",
				);
				MARKETING_VERSION = 2.2.1;
				PRODUCT_BUNDLE_IDENTIFIER = lucasdesouza.homebrew;
				PRODUCT_NAME = "$(TARGET_NAME)";
				SUPPORTS_MACCATALYST = YES;
				SUPPORTS_MAC_DESIGNED_FOR_IPHONE_IPAD = YES;
				SWIFT_VERSION = 5.0;
				TARGETED_DEVICE_FAMILY = "1,2";
			};
			name = Release;
		};
		DF43B6CE25C0695200093ED2 /* Debug */ = {
			isa = XCBuildConfiguration;
			buildSettings = {
				ALWAYS_EMBED_SWIFT_STANDARD_LIBRARIES = YES;
				BUNDLE_LOADER = "$(TEST_HOST)";
				CODE_SIGN_STYLE = Automatic;
				DEVELOPMENT_TEAM = Y259ZT3SQK;
				INFOPLIST_FILE = homebrewTests/Info.plist;
				IPHONEOS_DEPLOYMENT_TARGET = 14.0;
				LD_RUNPATH_SEARCH_PATHS = (
					"$(inherited)",
					"@executable_path/Frameworks",
					"@loader_path/Frameworks",
				);
				PRODUCT_BUNDLE_IDENTIFIER = lucasdesouza.homebrewTests;
				PRODUCT_NAME = "$(TARGET_NAME)";
				SWIFT_VERSION = 5.0;
				TARGETED_DEVICE_FAMILY = "1,2";
				TEST_HOST = "$(BUILT_PRODUCTS_DIR)/iBru.app/iBru";
			};
			name = Debug;
		};
		DF43B6CF25C0695200093ED2 /* Release */ = {
			isa = XCBuildConfiguration;
			buildSettings = {
				ALWAYS_EMBED_SWIFT_STANDARD_LIBRARIES = YES;
				BUNDLE_LOADER = "$(TEST_HOST)";
				CODE_SIGN_STYLE = Automatic;
				DEVELOPMENT_TEAM = Y259ZT3SQK;
				INFOPLIST_FILE = homebrewTests/Info.plist;
				IPHONEOS_DEPLOYMENT_TARGET = 14.0;
				LD_RUNPATH_SEARCH_PATHS = (
					"$(inherited)",
					"@executable_path/Frameworks",
					"@loader_path/Frameworks",
				);
				PRODUCT_BUNDLE_IDENTIFIER = lucasdesouza.homebrewTests;
				PRODUCT_NAME = "$(TARGET_NAME)";
				SWIFT_VERSION = 5.0;
				TARGETED_DEVICE_FAMILY = "1,2";
				TEST_HOST = "$(BUILT_PRODUCTS_DIR)/iBru.app/iBru";
			};
			name = Release;
		};
		DFD207B026EFCB080065FB98 /* Debug */ = {
			isa = XCBuildConfiguration;
			buildSettings = {
				CODE_SIGN_STYLE = Automatic;
				DEVELOPMENT_TEAM = Y259ZT3SQK;
				INFOPLIST_FILE = iBruScreenShot/Info.plist;
				IPHONEOS_DEPLOYMENT_TARGET = 14.5;
				LD_RUNPATH_SEARCH_PATHS = (
					"$(inherited)",
					"@executable_path/Frameworks",
					"@loader_path/Frameworks",
				);
				PRODUCT_BUNDLE_IDENTIFIER = net.lucasdesouza.iBruScreenShot;
				PRODUCT_NAME = "$(TARGET_NAME)";
				SWIFT_VERSION = 5.0;
				TARGETED_DEVICE_FAMILY = "1,2";
				TEST_TARGET_NAME = iBru;
			};
			name = Debug;
		};
		DFD207B126EFCB080065FB98 /* Release */ = {
			isa = XCBuildConfiguration;
			buildSettings = {
				CODE_SIGN_STYLE = Automatic;
				DEVELOPMENT_TEAM = Y259ZT3SQK;
				INFOPLIST_FILE = iBruScreenShot/Info.plist;
				IPHONEOS_DEPLOYMENT_TARGET = 14.5;
				LD_RUNPATH_SEARCH_PATHS = (
					"$(inherited)",
					"@executable_path/Frameworks",
					"@loader_path/Frameworks",
				);
				PRODUCT_BUNDLE_IDENTIFIER = net.lucasdesouza.iBruScreenShot;
				PRODUCT_NAME = "$(TARGET_NAME)";
				SWIFT_VERSION = 5.0;
				TARGETED_DEVICE_FAMILY = "1,2";
				TEST_TARGET_NAME = iBru;
			};
			name = Release;
		};
		DFD207D126F0EA4A0065FB98 /* Debug */ = {
			isa = XCBuildConfiguration;
			buildSettings = {
				CODE_SIGN_STYLE = Automatic;
				DEVELOPMENT_TEAM = Y259ZT3SQK;
				INFOPLIST_FILE = iBruUITests/Info.plist;
				IPHONEOS_DEPLOYMENT_TARGET = 14.5;
				LD_RUNPATH_SEARCH_PATHS = (
					"$(inherited)",
					"@executable_path/Frameworks",
					"@loader_path/Frameworks",
				);
				PRODUCT_BUNDLE_IDENTIFIER = net.lucasdesouza.iBruUITests;
				PRODUCT_NAME = "$(TARGET_NAME)";
				SWIFT_VERSION = 5.0;
				TARGETED_DEVICE_FAMILY = "1,2";
				TEST_TARGET_NAME = iBru;
			};
			name = Debug;
		};
		DFD207D226F0EA4A0065FB98 /* Release */ = {
			isa = XCBuildConfiguration;
			buildSettings = {
				CODE_SIGN_STYLE = Automatic;
				DEVELOPMENT_TEAM = Y259ZT3SQK;
				INFOPLIST_FILE = iBruUITests/Info.plist;
				IPHONEOS_DEPLOYMENT_TARGET = 14.5;
				LD_RUNPATH_SEARCH_PATHS = (
					"$(inherited)",
					"@executable_path/Frameworks",
					"@loader_path/Frameworks",
				);
				PRODUCT_BUNDLE_IDENTIFIER = net.lucasdesouza.iBruUITests;
				PRODUCT_NAME = "$(TARGET_NAME)";
				SWIFT_VERSION = 5.0;
				TARGETED_DEVICE_FAMILY = "1,2";
				TEST_TARGET_NAME = iBru;
			};
			name = Release;
		};
/* End XCBuildConfiguration section */

/* Begin XCConfigurationList section */
		DF43B69B25C0694F00093ED2 /* Build configuration list for PBXProject "iBru" */ = {
			isa = XCConfigurationList;
			buildConfigurations = (
				DF43B6C825C0695200093ED2 /* Debug */,
				DF43B6C925C0695200093ED2 /* Release */,
			);
			defaultConfigurationIsVisible = 0;
			defaultConfigurationName = Release;
		};
		DF43B6CA25C0695200093ED2 /* Build configuration list for PBXNativeTarget "iBru" */ = {
			isa = XCConfigurationList;
			buildConfigurations = (
				DF43B6CB25C0695200093ED2 /* Debug */,
				DF43B6CC25C0695200093ED2 /* Release */,
			);
			defaultConfigurationIsVisible = 0;
			defaultConfigurationName = Release;
		};
		DF43B6CD25C0695200093ED2 /* Build configuration list for PBXNativeTarget "iBruTests" */ = {
			isa = XCConfigurationList;
			buildConfigurations = (
				DF43B6CE25C0695200093ED2 /* Debug */,
				DF43B6CF25C0695200093ED2 /* Release */,
			);
			defaultConfigurationIsVisible = 0;
			defaultConfigurationName = Release;
		};
		DFD207B226EFCB080065FB98 /* Build configuration list for PBXNativeTarget "iBruScreenShot" */ = {
			isa = XCConfigurationList;
			buildConfigurations = (
				DFD207B026EFCB080065FB98 /* Debug */,
				DFD207B126EFCB080065FB98 /* Release */,
			);
			defaultConfigurationIsVisible = 0;
			defaultConfigurationName = Release;
		};
		DFD207D026F0EA4A0065FB98 /* Build configuration list for PBXNativeTarget "iBruUITests" */ = {
			isa = XCConfigurationList;
			buildConfigurations = (
				DFD207D126F0EA4A0065FB98 /* Debug */,
				DFD207D226F0EA4A0065FB98 /* Release */,
			);
			defaultConfigurationIsVisible = 0;
			defaultConfigurationName = Release;
		};
/* End XCConfigurationList section */

/* Begin XCRemoteSwiftPackageReference section */
		DFB0BD4826EB0906008FDD3A /* XCRemoteSwiftPackageReference "QuickComponents" */ = {
			isa = XCRemoteSwiftPackageReference;
			repositoryURL = "https://github.com/LucasCarioca/QuickComponents";
			requirement = {
				kind = upToNextMajorVersion;
				minimumVersion = 0.7.3;
			};
		};
		DFD2080726F7A53A0065FB98 /* XCRemoteSwiftPackageReference "lottie-ios" */ = {
			isa = XCRemoteSwiftPackageReference;
			repositoryURL = "https://github.com/airbnb/lottie-ios.git";
			requirement = {
				kind = upToNextMajorVersion;
				minimumVersion = 3.2.3;
			};
		};
/* End XCRemoteSwiftPackageReference section */

/* Begin XCSwiftPackageProductDependency section */
		DFB0BD4926EB0906008FDD3A /* QuickComponents */ = {
			isa = XCSwiftPackageProductDependency;
			package = DFB0BD4826EB0906008FDD3A /* XCRemoteSwiftPackageReference "QuickComponents" */;
			productName = QuickComponents;
		};
		DFD2080826F7A53A0065FB98 /* Lottie */ = {
			isa = XCSwiftPackageProductDependency;
			package = DFD2080726F7A53A0065FB98 /* XCRemoteSwiftPackageReference "lottie-ios" */;
			productName = Lottie;
		};
/* End XCSwiftPackageProductDependency section */

/* Begin XCVersionGroup section */
		DF43B6AE25C0695100093ED2 /* homebrew.xcdatamodeld */ = {
			isa = XCVersionGroup;
			children = (
				DF43B6AF25C0695100093ED2 /* homebrew.xcdatamodel */,
			);
			currentVersion = DF43B6AF25C0695100093ED2 /* homebrew.xcdatamodel */;
			path = homebrew.xcdatamodeld;
			sourceTree = "<group>";
			versionGroupType = wrapper.xcdatamodel;
		};
/* End XCVersionGroup section */
	};
	rootObject = DF43B69825C0694F00093ED2 /* Project object */;
}
